{
  "name": "markpack",
  "version": "1.0.0",
  "lockfileVersion": 1,
  "requires": true,
  "dependencies": {
    "@babel/parser": {
      "version": "7.4.5",
      "resolved": "https://registry.npmjs.org/@babel/parser/-/parser-7.4.5.tgz",
      "integrity": "sha512-9mUqkL1FF5T7f0WDFfAoDdiMVPWsdD1gZYzSnaXsxUCUqzuch/8of9G3VUSNiZmMBoRxT3neyVsqeiL/ZPcjew=="
    }
  }
}
